
Microsoft Visual Studio Solution File, Format Version 12.00
# Visual Studio Version 16
VisualStudioVersion = 16.0.31515.178
MinimumVisualStudioVersion = 10.0.40219.1
Project("{9A19103F-16F7-4668-BE54-9A1E7A4F7556}") = "HelsiScanner", "HelsiScanner.csproj", "{7D121E9D-A9ED-4AED-8F5F-D01649296C11}"
EndProject
Global
	GlobalSection(SolutionConfigurationPlatforms) = preSolution
		Debug|Any CPU = Debug|Any CPU
		Release|Any CPU = Release|Any CPU
	EndGlobalSection
	GlobalSection(ProjectConfigurationPlatforms) = postSolution
		{7D121E9D-A9ED-4AED-8F5F-D01649296C11}.Debug|Any CPU.ActiveCfg = Debug|Any CPU
		{7D121E9D-A9ED-4AED-8F5F-D01649296C11}.Debug|Any CPU.Build.0 = Debug|Any CPU
		{7D121E9D-A9ED-4AED-8F5F-D01649296C11}.Release|Any CPU.ActiveCfg = Release|Any CPU
		{7D121E9D-A9ED-4AED-8F5F-D01649296C11}.Release|Any CPU.Build.0 = Release|Any CPU
	EndGlobalSection
	GlobalSection(SolutionProperties) = preSolution
		HideSolutionNode = FALSE
	EndGlobalSection
	GlobalSection(ExtensibilityGlobals) = postSolution
		SolutionGuid = {C9B1DA80-1E00-49E4-A7E3-52E280B51969}
	EndGlobalSection
EndGlobal
